
Microsoft Visual Studio Solution File, Format Version 12.00
# Visual Studio 15
Project("{FAE04EC0-301F-11D3-BF4B-00C04F79EFBC}") = "Assembly-CSharp", "Assembly-CSharp.csproj", "{161F79A0-5588-10E2-7404-6EE25C1BA582}"
EndProject
Project("{FAE04EC0-301F-11D3-BF4B-00C04F79EFBC}") = "Assembly-CSharp-firstpass", "Assembly-CSharp-firstpass.csproj", "{CDC6E0AA-EEFA-3AE3-DDDF-1FB190632BC6}"
EndProject
Global
	GlobalSection(SolutionConfigurationPlatforms) = preSolution
		Debug|Any CPU = Debug|Any CPU
		Release|Any CPU = Release|Any CPU
	EndGlobalSection
	GlobalSection(ProjectConfigurationPlatforms) = postSolution
		{161F79A0-5588-10E2-7404-6EE25C1BA582}.Debug|Any CPU.ActiveCfg = Debug|Any CPU
		{161F79A0-5588-10E2-7404-6EE25C1BA582}.Debug|Any CPU.Build.0 = Debug|Any CPU
		{161F79A0-5588-10E2-7404-6EE25C1BA582}.Release|Any CPU.ActiveCfg = Release|Any CPU
		{161F79A0-5588-10E2-7404-6EE25C1BA582}.Release|Any CPU.Build.0 = Release|Any CPU
		{CDC6E0AA-EEFA-3AE3-DDDF-1FB190632BC6}.Debug|Any CPU.ActiveCfg = Debug|Any CPU
		{CDC6E0AA-EEFA-3AE3-DDDF-1FB190632BC6}.Debug|Any CPU.Build.0 = Debug|Any CPU
		{CDC6E0AA-EEFA-3AE3-DDDF-1FB190632BC6}.Release|Any CPU.ActiveCfg = Release|Any CPU
		{CDC6E0AA-EEFA-3AE3-DDDF-1FB190632BC6}.Release|Any CPU.Build.0 = Release|Any CPU
	EndGlobalSection
	GlobalSection(SolutionProperties) = preSolution
		HideSolutionNode = FALSE
	EndGlobalSection
EndGlobal
